
Microsoft Visual Studio Solution File, Format Version 12.00
# Visual Studio Version 17
VisualStudioVersion = 17.14.36202.13
MinimumVisualStudioVersion = 10.0.40219.1
Project("{FAE04EC0-301F-11D3-BF4B-00C04F79EFBC}") = "RTB.Blazor.UI", "src\RTB.BlazorUI\RTB.Blazor.UI.csproj", "{1F26501B-2683-F456-38D5-FE2C19E69296}"
EndProject
Project("{FAE04EC0-301F-11D3-BF4B-00C04F79EFBC}") = "RTB.Blazor.Styled", "src\RTB.Styled\RTB.Blazor.Styled.csproj", "{BEDEDB08-DCAE-3C65-72E1-7FC7BED7F8CA}"
EndProject
Project("{FAE04EC0-301F-11D3-BF4B-00C04F79EFBC}") = "RTB.Blazor.StyledGenerator", "src\RTB.StyledGenerator\RTB.Blazor.StyledGenerator.csproj", "{43542439-7A40-3D2A-A823-E0A98607715E}"
EndProject
Project("{FAE04EC0-301F-11D3-BF4B-00C04F79EFBC}") = "RTB.Blazor.Theme", "src\RTB.Theme\RTB.Blazor.Theme.csproj", "{16552833-BA98-47DA-B195-33638554F5EF}"
EndProject
Project("{FAE04EC0-301F-11D3-BF4B-00C04F79EFBC}") = "RTB.Blazor.Charts", "src\RTB.Charts\RTB.Blazor.Charts.csproj", "{192CA48E-477D-42F2-B701-DEC111B2CECC}"
EndProject
Project("{FAE04EC0-301F-11D3-BF4B-00C04F79EFBC}") = "RTB.Blazor.Core", "src\RTB.Core\RTB.Blazor.Core.csproj", "{1EEA8FE6-BF93-A4C6-876B-A6374995C38A}"
EndProject
Global
	GlobalSection(SolutionConfigurationPlatforms) = preSolution
		Debug|Any CPU = Debug|Any CPU
		Release|Any CPU = Release|Any CPU
	EndGlobalSection
	GlobalSection(ProjectConfigurationPlatforms) = postSolution
		{1F26501B-2683-F456-38D5-FE2C19E69296}.Debug|Any CPU.ActiveCfg = Debug|Any CPU
		{1F26501B-2683-F456-38D5-FE2C19E69296}.Debug|Any CPU.Build.0 = Debug|Any CPU
		{1F26501B-2683-F456-38D5-FE2C19E69296}.Release|Any CPU.ActiveCfg = Release|Any CPU
		{1F26501B-2683-F456-38D5-FE2C19E69296}.Release|Any CPU.Build.0 = Release|Any CPU
		{BEDEDB08-DCAE-3C65-72E1-7FC7BED7F8CA}.Debug|Any CPU.ActiveCfg = Debug|Any CPU
		{BEDEDB08-DCAE-3C65-72E1-7FC7BED7F8CA}.Debug|Any CPU.Build.0 = Debug|Any CPU
		{BEDEDB08-DCAE-3C65-72E1-7FC7BED7F8CA}.Release|Any CPU.ActiveCfg = Release|Any CPU
		{BEDEDB08-DCAE-3C65-72E1-7FC7BED7F8CA}.Release|Any CPU.Build.0 = Release|Any CPU
		{43542439-7A40-3D2A-A823-E0A98607715E}.Debug|Any CPU.ActiveCfg = Debug|Any CPU
		{43542439-7A40-3D2A-A823-E0A98607715E}.Debug|Any CPU.Build.0 = Debug|Any CPU
		{43542439-7A40-3D2A-A823-E0A98607715E}.Release|Any CPU.ActiveCfg = Release|Any CPU
		{43542439-7A40-3D2A-A823-E0A98607715E}.Release|Any CPU.Build.0 = Release|Any CPU
		{16552833-BA98-47DA-B195-33638554F5EF}.Debug|Any CPU.ActiveCfg = Debug|Any CPU
		{16552833-BA98-47DA-B195-33638554F5EF}.Debug|Any CPU.Build.0 = Debug|Any CPU
		{16552833-BA98-47DA-B195-33638554F5EF}.Release|Any CPU.ActiveCfg = Release|Any CPU
		{16552833-BA98-47DA-B195-33638554F5EF}.Release|Any CPU.Build.0 = Release|Any CPU
		{192CA48E-477D-42F2-B701-DEC111B2CECC}.Debug|Any CPU.ActiveCfg = Debug|Any CPU
		{192CA48E-477D-42F2-B701-DEC111B2CECC}.Debug|Any CPU.Build.0 = Debug|Any CPU
		{192CA48E-477D-42F2-B701-DEC111B2CECC}.Release|Any CPU.ActiveCfg = Release|Any CPU
		{192CA48E-477D-42F2-B701-DEC111B2CECC}.Release|Any CPU.Build.0 = Release|Any CPU
		{1EEA8FE6-BF93-A4C6-876B-A6374995C38A}.Debug|Any CPU.ActiveCfg = Debug|Any CPU
		{1EEA8FE6-BF93-A4C6-876B-A6374995C38A}.Debug|Any CPU.Build.0 = Debug|Any CPU
		{1EEA8FE6-BF93-A4C6-876B-A6374995C38A}.Release|Any CPU.ActiveCfg = Release|Any CPU
		{1EEA8FE6-BF93-A4C6-876B-A6374995C38A}.Release|Any CPU.Build.0 = Release|Any CPU
	EndGlobalSection
	GlobalSection(SolutionProperties) = preSolution
		HideSolutionNode = FALSE
	EndGlobalSection
	GlobalSection(ExtensibilityGlobals) = postSolution
		SolutionGuid = {28E15196-74E7-4D60-BD64-737A39009995}
	EndGlobalSection
EndGlobal
