
Microsoft Visual Studio Solution File, Format Version 12.00
# Visual Studio Version 17
VisualStudioVersion = 17.14.36202.13
MinimumVisualStudioVersion = 10.0.40219.1
Project("{FAE04EC0-301F-11D3-BF4B-00C04F79EFBC}") = "RTB.BlazorUI", "src\RTB.BlazorUI\RTB.BlazorUI.csproj", "{1F26501B-2683-F456-38D5-FE2C19E69296}"
EndProject
Project("{FAE04EC0-301F-11D3-BF4B-00C04F79EFBC}") = "RTB.Styled", "src\RTB.Styled\RTB.Styled.csproj", "{BEDEDB08-DCAE-3C65-72E1-7FC7BED7F8CA}"
EndProject
Global
	GlobalSection(SolutionConfigurationPlatforms) = preSolution
		Debug|Any CPU = Debug|Any CPU
		Release|Any CPU = Release|Any CPU
	EndGlobalSection
	GlobalSection(ProjectConfigurationPlatforms) = postSolution
		{1F26501B-2683-F456-38D5-FE2C19E69296}.Debug|Any CPU.ActiveCfg = Debug|Any CPU
		{1F26501B-2683-F456-38D5-FE2C19E69296}.Debug|Any CPU.Build.0 = Debug|Any CPU
		{1F26501B-2683-F456-38D5-FE2C19E69296}.Release|Any CPU.ActiveCfg = Release|Any CPU
		{1F26501B-2683-F456-38D5-FE2C19E69296}.Release|Any CPU.Build.0 = Release|Any CPU
		{BEDEDB08-DCAE-3C65-72E1-7FC7BED7F8CA}.Debug|Any CPU.ActiveCfg = Debug|Any CPU
		{BEDEDB08-DCAE-3C65-72E1-7FC7BED7F8CA}.Debug|Any CPU.Build.0 = Debug|Any CPU
		{BEDEDB08-DCAE-3C65-72E1-7FC7BED7F8CA}.Release|Any CPU.ActiveCfg = Release|Any CPU
		{BEDEDB08-DCAE-3C65-72E1-7FC7BED7F8CA}.Release|Any CPU.Build.0 = Release|Any CPU
	EndGlobalSection
	GlobalSection(SolutionProperties) = preSolution
		HideSolutionNode = FALSE
	EndGlobalSection
	GlobalSection(ExtensibilityGlobals) = postSolution
		SolutionGuid = {28E15196-74E7-4D60-BD64-737A39009995}
	EndGlobalSection
EndGlobal
